
Microsoft Visual Studio Solution File, Format Version 12.00
# Visual Studio 15
VisualStudioVersion = 15.0.26124.0
MinimumVisualStudioVersion = 15.0.26124.0
Project("{FAE04EC0-301F-11D3-BF4B-00C04F79EFBC}") = "Domain", "Domain\Domain.csproj", "{514E2E55-1FCC-402B-9219-45CC83972DB8}"
EndProject
Project("{FAE04EC0-301F-11D3-BF4B-00C04F79EFBC}") = "Application", "Application\Application.csproj", "{8462C416-8137-4257-BED0-8A0FC557C17D}"
EndProject
Project("{FAE04EC0-301F-11D3-BF4B-00C04F79EFBC}") = "Persistence", "Persistence\Persistence.csproj", "{D839398B-370D-419A-85E6-4329CF40CD8D}"
EndProject
Project("{FAE04EC0-301F-11D3-BF4B-00C04F79EFBC}") = "API", "API\API.csproj", "{F2400BBA-1669-40B0-B804-8C4C4B2EAA20}"
EndProject
Global
	GlobalSection(SolutionConfigurationPlatforms) = preSolution
		Debug|Any CPU = Debug|Any CPU
		Debug|x64 = Debug|x64
		Debug|x86 = Debug|x86
		Release|Any CPU = Release|Any CPU
		Release|x64 = Release|x64
		Release|x86 = Release|x86
	EndGlobalSection
	GlobalSection(SolutionProperties) = preSolution
		HideSolutionNode = FALSE
	EndGlobalSection
	GlobalSection(ProjectConfigurationPlatforms) = postSolution
		{514E2E55-1FCC-402B-9219-45CC83972DB8}.Debug|Any CPU.ActiveCfg = Debug|Any CPU
		{514E2E55-1FCC-402B-9219-45CC83972DB8}.Debug|Any CPU.Build.0 = Debug|Any CPU
		{514E2E55-1FCC-402B-9219-45CC83972DB8}.Debug|x64.ActiveCfg = Debug|Any CPU
		{514E2E55-1FCC-402B-9219-45CC83972DB8}.Debug|x64.Build.0 = Debug|Any CPU
		{514E2E55-1FCC-402B-9219-45CC83972DB8}.Debug|x86.ActiveCfg = Debug|Any CPU
		{514E2E55-1FCC-402B-9219-45CC83972DB8}.Debug|x86.Build.0 = Debug|Any CPU
		{514E2E55-1FCC-402B-9219-45CC83972DB8}.Release|Any CPU.ActiveCfg = Release|Any CPU
		{514E2E55-1FCC-402B-9219-45CC83972DB8}.Release|Any CPU.Build.0 = Release|Any CPU
		{514E2E55-1FCC-402B-9219-45CC83972DB8}.Release|x64.ActiveCfg = Release|Any CPU
		{514E2E55-1FCC-402B-9219-45CC83972DB8}.Release|x64.Build.0 = Release|Any CPU
		{514E2E55-1FCC-402B-9219-45CC83972DB8}.Release|x86.ActiveCfg = Release|Any CPU
		{514E2E55-1FCC-402B-9219-45CC83972DB8}.Release|x86.Build.0 = Release|Any CPU
		{8462C416-8137-4257-BED0-8A0FC557C17D}.Debug|Any CPU.ActiveCfg = Debug|Any CPU
		{8462C416-8137-4257-BED0-8A0FC557C17D}.Debug|Any CPU.Build.0 = Debug|Any CPU
		{8462C416-8137-4257-BED0-8A0FC557C17D}.Debug|x64.ActiveCfg = Debug|Any CPU
		{8462C416-8137-4257-BED0-8A0FC557C17D}.Debug|x64.Build.0 = Debug|Any CPU
		{8462C416-8137-4257-BED0-8A0FC557C17D}.Debug|x86.ActiveCfg = Debug|Any CPU
		{8462C416-8137-4257-BED0-8A0FC557C17D}.Debug|x86.Build.0 = Debug|Any CPU
		{8462C416-8137-4257-BED0-8A0FC557C17D}.Release|Any CPU.ActiveCfg = Release|Any CPU
		{8462C416-8137-4257-BED0-8A0FC557C17D}.Release|Any CPU.Build.0 = Release|Any CPU
		{8462C416-8137-4257-BED0-8A0FC557C17D}.Release|x64.ActiveCfg = Release|Any CPU
		{8462C416-8137-4257-BED0-8A0FC557C17D}.Release|x64.Build.0 = Release|Any CPU
		{8462C416-8137-4257-BED0-8A0FC557C17D}.Release|x86.ActiveCfg = Release|Any CPU
		{8462C416-8137-4257-BED0-8A0FC557C17D}.Release|x86.Build.0 = Release|Any CPU
		{D839398B-370D-419A-85E6-4329CF40CD8D}.Debug|Any CPU.ActiveCfg = Debug|Any CPU
		{D839398B-370D-419A-85E6-4329CF40CD8D}.Debug|Any CPU.Build.0 = Debug|Any CPU
		{D839398B-370D-419A-85E6-4329CF40CD8D}.Debug|x64.ActiveCfg = Debug|Any CPU
		{D839398B-370D-419A-85E6-4329CF40CD8D}.Debug|x64.Build.0 = Debug|Any CPU
		{D839398B-370D-419A-85E6-4329CF40CD8D}.Debug|x86.ActiveCfg = Debug|Any CPU
		{D839398B-370D-419A-85E6-4329CF40CD8D}.Debug|x86.Build.0 = Debug|Any CPU
		{D839398B-370D-419A-85E6-4329CF40CD8D}.Release|Any CPU.ActiveCfg = Release|Any CPU
		{D839398B-370D-419A-85E6-4329CF40CD8D}.Release|Any CPU.Build.0 = Release|Any CPU
		{D839398B-370D-419A-85E6-4329CF40CD8D}.Release|x64.ActiveCfg = Release|Any CPU
		{D839398B-370D-419A-85E6-4329CF40CD8D}.Release|x64.Build.0 = Release|Any CPU
		{D839398B-370D-419A-85E6-4329CF40CD8D}.Release|x86.ActiveCfg = Release|Any CPU
		{D839398B-370D-419A-85E6-4329CF40CD8D}.Release|x86.Build.0 = Release|Any CPU
		{F2400BBA-1669-40B0-B804-8C4C4B2EAA20}.Debug|Any CPU.ActiveCfg = Debug|Any CPU
		{F2400BBA-1669-40B0-B804-8C4C4B2EAA20}.Debug|Any CPU.Build.0 = Debug|Any CPU
		{F2400BBA-1669-40B0-B804-8C4C4B2EAA20}.Debug|x64.ActiveCfg = Debug|Any CPU
		{F2400BBA-1669-40B0-B804-8C4C4B2EAA20}.Debug|x64.Build.0 = Debug|Any CPU
		{F2400BBA-1669-40B0-B804-8C4C4B2EAA20}.Debug|x86.ActiveCfg = Debug|Any CPU
		{F2400BBA-1669-40B0-B804-8C4C4B2EAA20}.Debug|x86.Build.0 = Debug|Any CPU
		{F2400BBA-1669-40B0-B804-8C4C4B2EAA20}.Release|Any CPU.ActiveCfg = Release|Any CPU
		{F2400BBA-1669-40B0-B804-8C4C4B2EAA20}.Release|Any CPU.Build.0 = Release|Any CPU
		{F2400BBA-1669-40B0-B804-8C4C4B2EAA20}.Release|x64.ActiveCfg = Release|Any CPU
		{F2400BBA-1669-40B0-B804-8C4C4B2EAA20}.Release|x64.Build.0 = Release|Any CPU
		{F2400BBA-1669-40B0-B804-8C4C4B2EAA20}.Release|x86.ActiveCfg = Release|Any CPU
		{F2400BBA-1669-40B0-B804-8C4C4B2EAA20}.Release|x86.Build.0 = Release|Any CPU
	EndGlobalSection
EndGlobal
